
Microsoft Visual Studio Solution File, Format Version 12.00
# Visual Studio Version 16
VisualStudioVersion = 16.0.31019.35
MinimumVisualStudioVersion = 10.0.40219.1
Project("{FAE04EC0-301F-11D3-BF4B-00C04F79EFBC}") = "LayoutExamples.UWP", "LayoutExamples\LayoutExamples.UWP\LayoutExamples.UWP.csproj", "{608D5F92-8E2C-407D-817E-05335CABED57}"
EndProject
Project("{FAE04EC0-301F-11D3-BF4B-00C04F79EFBC}") = "LayoutExamples.Android", "LayoutExamples\LayoutExamples.Android\LayoutExamples.Android.csproj", "{6299C070-E8E8-48B5-844E-3C51C2F5D2AC}"
EndProject
Project("{FAE04EC0-301F-11D3-BF4B-00C04F79EFBC}") = "LayoutExamples.iOS", "LayoutExamples\LayoutExamples.iOS\LayoutExamples.iOS.csproj", "{88AB591E-F7CE-4F30-B72D-93E5D5FAC6D3}"
EndProject
Project("{FAE04EC0-301F-11D3-BF4B-00C04F79EFBC}") = "LayoutExamples", "LayoutExamples\LayoutExamples\LayoutExamples.csproj", "{F05A9144-354C-413D-8ADA-9DB6D3C11620}"
EndProject
Global
	GlobalSection(SolutionConfigurationPlatforms) = preSolution
		Debug|Any CPU = Debug|Any CPU
		Debug|ARM = Debug|ARM
		Debug|iPhone = Debug|iPhone
		Debug|iPhoneSimulator = Debug|iPhoneSimulator
		Debug|x64 = Debug|x64
		Debug|x86 = Debug|x86
		Release|Any CPU = Release|Any CPU
		Release|ARM = Release|ARM
		Release|iPhone = Release|iPhone
		Release|iPhoneSimulator = Release|iPhoneSimulator
		Release|x64 = Release|x64
		Release|x86 = Release|x86
	EndGlobalSection
	GlobalSection(ProjectConfigurationPlatforms) = postSolution
		{608D5F92-8E2C-407D-817E-05335CABED57}.Debug|Any CPU.ActiveCfg = Debug|x86
		{608D5F92-8E2C-407D-817E-05335CABED57}.Debug|Any CPU.Build.0 = Debug|x86
		{608D5F92-8E2C-407D-817E-05335CABED57}.Debug|Any CPU.Deploy.0 = Debug|x86
		{608D5F92-8E2C-407D-817E-05335CABED57}.Debug|ARM.ActiveCfg = Debug|ARM
		{608D5F92-8E2C-407D-817E-05335CABED57}.Debug|ARM.Build.0 = Debug|ARM
		{608D5F92-8E2C-407D-817E-05335CABED57}.Debug|ARM.Deploy.0 = Debug|ARM
		{608D5F92-8E2C-407D-817E-05335CABED57}.Debug|iPhone.ActiveCfg = Debug|x86
		{608D5F92-8E2C-407D-817E-05335CABED57}.Debug|iPhone.Build.0 = Debug|x86
		{608D5F92-8E2C-407D-817E-05335CABED57}.Debug|iPhone.Deploy.0 = Debug|x86
		{608D5F92-8E2C-407D-817E-05335CABED57}.Debug|iPhoneSimulator.ActiveCfg = Debug|x86
		{608D5F92-8E2C-407D-817E-05335CABED57}.Debug|iPhoneSimulator.Build.0 = Debug|x86
		{608D5F92-8E2C-407D-817E-05335CABED57}.Debug|iPhoneSimulator.Deploy.0 = Debug|x86
		{608D5F92-8E2C-407D-817E-05335CABED57}.Debug|x64.ActiveCfg = Debug|x64
		{608D5F92-8E2C-407D-817E-05335CABED57}.Debug|x64.Build.0 = Debug|x64
		{608D5F92-8E2C-407D-817E-05335CABED57}.Debug|x64.Deploy.0 = Debug|x64
		{608D5F92-8E2C-407D-817E-05335CABED57}.Debug|x86.ActiveCfg = Debug|x86
		{608D5F92-8E2C-407D-817E-05335CABED57}.Debug|x86.Build.0 = Debug|x86
		{608D5F92-8E2C-407D-817E-05335CABED57}.Debug|x86.Deploy.0 = Debug|x86
		{608D5F92-8E2C-407D-817E-05335CABED57}.Release|Any CPU.ActiveCfg = Release|x86
		{608D5F92-8E2C-407D-817E-05335CABED57}.Release|Any CPU.Build.0 = Release|x86
		{608D5F92-8E2C-407D-817E-05335CABED57}.Release|Any CPU.Deploy.0 = Release|x86
		{608D5F92-8E2C-407D-817E-05335CABED57}.Release|ARM.ActiveCfg = Release|ARM
		{608D5F92-8E2C-407D-817E-05335CABED57}.Release|ARM.Build.0 = Release|ARM
		{608D5F92-8E2C-407D-817E-05335CABED57}.Release|ARM.Deploy.0 = Release|ARM
		{608D5F92-8E2C-407D-817E-05335CABED57}.Release|iPhone.ActiveCfg = Release|x86
		{608D5F92-8E2C-407D-817E-05335CABED57}.Release|iPhone.Build.0 = Release|x86
		{608D5F92-8E2C-407D-817E-05335CABED57}.Release|iPhone.Deploy.0 = Release|x86
		{608D5F92-8E2C-407D-817E-05335CABED57}.Release|iPhoneSimulator.ActiveCfg = Release|x86
		{608D5F92-8E2C-407D-817E-05335CABED57}.Release|iPhoneSimulator.Build.0 = Release|x86
		{608D5F92-8E2C-407D-817E-05335CABED57}.Release|iPhoneSimulator.Deploy.0 = Release|x86
		{608D5F92-8E2C-407D-817E-05335CABED57}.Release|x64.ActiveCfg = Release|x64
		{608D5F92-8E2C-407D-817E-05335CABED57}.Release|x64.Build.0 = Release|x64
		{608D5F92-8E2C-407D-817E-05335CABED57}.Release|x64.Deploy.0 = Release|x64
		{608D5F92-8E2C-407D-817E-05335CABED57}.Release|x86.ActiveCfg = Release|x86
		{608D5F92-8E2C-407D-817E-05335CABED57}.Release|x86.Build.0 = Release|x86
		{608D5F92-8E2C-407D-817E-05335CABED57}.Release|x86.Deploy.0 = Release|x86
		{6299C070-E8E8-48B5-844E-3C51C2F5D2AC}.Debug|Any CPU.ActiveCfg = Debug|Any CPU
		{6299C070-E8E8-48B5-844E-3C51C2F5D2AC}.Debug|Any CPU.Build.0 = Debug|Any CPU
		{6299C070-E8E8-48B5-844E-3C51C2F5D2AC}.Debug|Any CPU.Deploy.0 = Debug|Any CPU
		{6299C070-E8E8-48B5-844E-3C51C2F5D2AC}.Debug|ARM.ActiveCfg = Debug|Any CPU
		{6299C070-E8E8-48B5-844E-3C51C2F5D2AC}.Debug|ARM.Build.0 = Debug|Any CPU
		{6299C070-E8E8-48B5-844E-3C51C2F5D2AC}.Debug|ARM.Deploy.0 = Debug|Any CPU
		{6299C070-E8E8-48B5-844E-3C51C2F5D2AC}.Debug|iPhone.ActiveCfg = Debug|Any CPU
		{6299C070-E8E8-48B5-844E-3C51C2F5D2AC}.Debug|iPhone.Build.0 = Debug|Any CPU
		{6299C070-E8E8-48B5-844E-3C51C2F5D2AC}.Debug|iPhone.Deploy.0 = Debug|Any CPU
		{6299C070-E8E8-48B5-844E-3C51C2F5D2AC}.Debug|iPhoneSimulator.ActiveCfg = Debug|Any CPU
		{6299C070-E8E8-48B5-844E-3C51C2F5D2AC}.Debug|iPhoneSimulator.Build.0 = Debug|Any CPU
		{6299C070-E8E8-48B5-844E-3C51C2F5D2AC}.Debug|iPhoneSimulator.Deploy.0 = Debug|Any CPU
		{6299C070-E8E8-48B5-844E-3C51C2F5D2AC}.Debug|x64.ActiveCfg = Debug|Any CPU
		{6299C070-E8E8-48B5-844E-3C51C2F5D2AC}.Debug|x64.Build.0 = Debug|Any CPU
		{6299C070-E8E8-48B5-844E-3C51C2F5D2AC}.Debug|x64.Deploy.0 = Debug|Any CPU
		{6299C070-E8E8-48B5-844E-3C51C2F5D2AC}.Debug|x86.ActiveCfg = Debug|Any CPU
		{6299C070-E8E8-48B5-844E-3C51C2F5D2AC}.Debug|x86.Build.0 = Debug|Any CPU
		{6299C070-E8E8-48B5-844E-3C51C2F5D2AC}.Debug|x86.Deploy.0 = Debug|Any CPU
		{6299C070-E8E8-48B5-844E-3C51C2F5D2AC}.Release|Any CPU.ActiveCfg = Release|Any CPU
		{6299C070-E8E8-48B5-844E-3C51C2F5D2AC}.Release|Any CPU.Build.0 = Release|Any CPU
		{6299C070-E8E8-48B5-844E-3C51C2F5D2AC}.Release|Any CPU.Deploy.0 = Release|Any CPU
		{6299C070-E8E8-48B5-844E-3C51C2F5D2AC}.Release|ARM.ActiveCfg = Release|Any CPU
		{6299C070-E8E8-48B5-844E-3C51C2F5D2AC}.Release|ARM.Build.0 = Release|Any CPU
		{6299C070-E8E8-48B5-844E-3C51C2F5D2AC}.Release|ARM.Deploy.0 = Release|Any CPU
		{6299C070-E8E8-48B5-844E-3C51C2F5D2AC}.Release|iPhone.ActiveCfg = Release|Any CPU
		{6299C070-E8E8-48B5-844E-3C51C2F5D2AC}.Release|iPhone.Build.0 = Release|Any CPU
		{6299C070-E8E8-48B5-844E-3C51C2F5D2AC}.Release|iPhone.Deploy.0 = Release|Any CPU
		{6299C070-E8E8-48B5-844E-3C51C2F5D2AC}.Release|iPhoneSimulator.ActiveCfg = Release|Any CPU
		{6299C070-E8E8-48B5-844E-3C51C2F5D2AC}.Release|iPhoneSimulator.Build.0 = Release|Any CPU
		{6299C070-E8E8-48B5-844E-3C51C2F5D2AC}.Release|iPhoneSimulator.Deploy.0 = Release|Any CPU
		{6299C070-E8E8-48B5-844E-3C51C2F5D2AC}.Release|x64.ActiveCfg = Release|Any CPU
		{6299C070-E8E8-48B5-844E-3C51C2F5D2AC}.Release|x64.Build.0 = Release|Any CPU
		{6299C070-E8E8-48B5-844E-3C51C2F5D2AC}.Release|x64.Deploy.0 = Release|Any CPU
		{6299C070-E8E8-48B5-844E-3C51C2F5D2AC}.Release|x86.ActiveCfg = Release|Any CPU
		{6299C070-E8E8-48B5-844E-3C51C2F5D2AC}.Release|x86.Build.0 = Release|Any CPU
		{6299C070-E8E8-48B5-844E-3C51C2F5D2AC}.Release|x86.Deploy.0 = Release|Any CPU
		{88AB591E-F7CE-4F30-B72D-93E5D5FAC6D3}.Debug|Any CPU.ActiveCfg = Debug|iPhoneSimulator
		{88AB591E-F7CE-4F30-B72D-93E5D5FAC6D3}.Debug|Any CPU.Build.0 = Debug|iPhoneSimulator
		{88AB591E-F7CE-4F30-B72D-93E5D5FAC6D3}.Debug|Any CPU.Deploy.0 = Debug|iPhoneSimulator
		{88AB591E-F7CE-4F30-B72D-93E5D5FAC6D3}.Debug|ARM.ActiveCfg = Debug|iPhone
		{88AB591E-F7CE-4F30-B72D-93E5D5FAC6D3}.Debug|ARM.Build.0 = Debug|iPhone
		{88AB591E-F7CE-4F30-B72D-93E5D5FAC6D3}.Debug|ARM.Deploy.0 = Debug|iPhone
		{88AB591E-F7CE-4F30-B72D-93E5D5FAC6D3}.Debug|iPhone.ActiveCfg = Debug|iPhone
		{88AB591E-F7CE-4F30-B72D-93E5D5FAC6D3}.Debug|iPhone.Build.0 = Debug|iPhone
		{88AB591E-F7CE-4F30-B72D-93E5D5FAC6D3}.Debug|iPhone.Deploy.0 = Debug|iPhone
		{88AB591E-F7CE-4F30-B72D-93E5D5FAC6D3}.Debug|iPhoneSimulator.ActiveCfg = Debug|iPhoneSimulator
		{88AB591E-F7CE-4F30-B72D-93E5D5FAC6D3}.Debug|iPhoneSimulator.Build.0 = Debug|iPhoneSimulator
		{88AB591E-F7CE-4F30-B72D-93E5D5FAC6D3}.Debug|iPhoneSimulator.Deploy.0 = Debug|iPhoneSimulator
		{88AB591E-F7CE-4F30-B72D-93E5D5FAC6D3}.Debug|x64.ActiveCfg = Debug|iPhoneSimulator
		{88AB591E-F7CE-4F30-B72D-93E5D5FAC6D3}.Debug|x64.Build.0 = Debug|iPhoneSimulator
		{88AB591E-F7CE-4F30-B72D-93E5D5FAC6D3}.Debug|x64.Deploy.0 = Debug|iPhoneSimulator
		{88AB591E-F7CE-4F30-B72D-93E5D5FAC6D3}.Debug|x86.ActiveCfg = Debug|iPhoneSimulator
		{88AB591E-F7CE-4F30-B72D-93E5D5FAC6D3}.Debug|x86.Build.0 = Debug|iPhoneSimulator
		{88AB591E-F7CE-4F30-B72D-93E5D5FAC6D3}.Debug|x86.Deploy.0 = Debug|iPhoneSimulator
		{88AB591E-F7CE-4F30-B72D-93E5D5FAC6D3}.Release|Any CPU.ActiveCfg = Release|iPhoneSimulator
		{88AB591E-F7CE-4F30-B72D-93E5D5FAC6D3}.Release|Any CPU.Build.0 = Release|iPhoneSimulator
		{88AB591E-F7CE-4F30-B72D-93E5D5FAC6D3}.Release|Any CPU.Deploy.0 = Release|iPhoneSimulator
		{88AB591E-F7CE-4F30-B72D-93E5D5FAC6D3}.Release|ARM.ActiveCfg = Release|iPhoneSimulator
		{88AB591E-F7CE-4F30-B72D-93E5D5FAC6D3}.Release|ARM.Build.0 = Release|iPhoneSimulator
		{88AB591E-F7CE-4F30-B72D-93E5D5FAC6D3}.Release|ARM.Deploy.0 = Release|iPhoneSimulator
		{88AB591E-F7CE-4F30-B72D-93E5D5FAC6D3}.Release|iPhone.ActiveCfg = Release|iPhone
		{88AB591E-F7CE-4F30-B72D-93E5D5FAC6D3}.Release|iPhone.Build.0 = Release|iPhone
		{88AB591E-F7CE-4F30-B72D-93E5D5FAC6D3}.Release|iPhone.Deploy.0 = Release|iPhone
		{88AB591E-F7CE-4F30-B72D-93E5D5FAC6D3}.Release|iPhoneSimulator.ActiveCfg = Release|iPhoneSimulator
		{88AB591E-F7CE-4F30-B72D-93E5D5FAC6D3}.Release|iPhoneSimulator.Build.0 = Release|iPhoneSimulator
		{88AB591E-F7CE-4F30-B72D-93E5D5FAC6D3}.Release|iPhoneSimulator.Deploy.0 = Release|iPhoneSimulator
		{88AB591E-F7CE-4F30-B72D-93E5D5FAC6D3}.Release|x64.ActiveCfg = Release|iPhoneSimulator
		{88AB591E-F7CE-4F30-B72D-93E5D5FAC6D3}.Release|x64.Build.0 = Release|iPhoneSimulator
		{88AB591E-F7CE-4F30-B72D-93E5D5FAC6D3}.Release|x64.Deploy.0 = Release|iPhoneSimulator
		{88AB591E-F7CE-4F30-B72D-93E5D5FAC6D3}.Release|x86.ActiveCfg = Release|iPhoneSimulator
		{88AB591E-F7CE-4F30-B72D-93E5D5FAC6D3}.Release|x86.Build.0 = Release|iPhoneSimulator
		{88AB591E-F7CE-4F30-B72D-93E5D5FAC6D3}.Release|x86.Deploy.0 = Release|iPhoneSimulator
		{F05A9144-354C-413D-8ADA-9DB6D3C11620}.Debug|Any CPU.ActiveCfg = Debug|Any CPU
		{F05A9144-354C-413D-8ADA-9DB6D3C11620}.Debug|Any CPU.Build.0 = Debug|Any CPU
		{F05A9144-354C-413D-8ADA-9DB6D3C11620}.Debug|Any CPU.Deploy.0 = Debug|Any CPU
		{F05A9144-354C-413D-8ADA-9DB6D3C11620}.Debug|ARM.ActiveCfg = Debug|Any CPU
		{F05A9144-354C-413D-8ADA-9DB6D3C11620}.Debug|ARM.Build.0 = Debug|Any CPU
		{F05A9144-354C-413D-8ADA-9DB6D3C11620}.Debug|ARM.Deploy.0 = Debug|Any CPU
		{F05A9144-354C-413D-8ADA-9DB6D3C11620}.Debug|iPhone.ActiveCfg = Debug|Any CPU
		{F05A9144-354C-413D-8ADA-9DB6D3C11620}.Debug|iPhone.Build.0 = Debug|Any CPU
		{F05A9144-354C-413D-8ADA-9DB6D3C11620}.Debug|iPhone.Deploy.0 = Debug|Any CPU
		{F05A9144-354C-413D-8ADA-9DB6D3C11620}.Debug|iPhoneSimulator.ActiveCfg = Debug|Any CPU
		{F05A9144-354C-413D-8ADA-9DB6D3C11620}.Debug|iPhoneSimulator.Build.0 = Debug|Any CPU
		{F05A9144-354C-413D-8ADA-9DB6D3C11620}.Debug|iPhoneSimulator.Deploy.0 = Debug|Any CPU
		{F05A9144-354C-413D-8ADA-9DB6D3C11620}.Debug|x64.ActiveCfg = Debug|Any CPU
		{F05A9144-354C-413D-8ADA-9DB6D3C11620}.Debug|x64.Build.0 = Debug|Any CPU
		{F05A9144-354C-413D-8ADA-9DB6D3C11620}.Debug|x64.Deploy.0 = Debug|Any CPU
		{F05A9144-354C-413D-8ADA-9DB6D3C11620}.Debug|x86.ActiveCfg = Debug|Any CPU
		{F05A9144-354C-413D-8ADA-9DB6D3C11620}.Debug|x86.Build.0 = Debug|Any CPU
		{F05A9144-354C-413D-8ADA-9DB6D3C11620}.Debug|x86.Deploy.0 = Debug|Any CPU
		{F05A9144-354C-413D-8ADA-9DB6D3C11620}.Release|Any CPU.ActiveCfg = Release|Any CPU
		{F05A9144-354C-413D-8ADA-9DB6D3C11620}.Release|Any CPU.Build.0 = Release|Any CPU
		{F05A9144-354C-413D-8ADA-9DB6D3C11620}.Release|Any CPU.Deploy.0 = Release|Any CPU
		{F05A9144-354C-413D-8ADA-9DB6D3C11620}.Release|ARM.ActiveCfg = Release|Any CPU
		{F05A9144-354C-413D-8ADA-9DB6D3C11620}.Release|ARM.Build.0 = Release|Any CPU
		{F05A9144-354C-413D-8ADA-9DB6D3C11620}.Release|ARM.Deploy.0 = Release|Any CPU
		{F05A9144-354C-413D-8ADA-9DB6D3C11620}.Release|iPhone.ActiveCfg = Release|Any CPU
		{F05A9144-354C-413D-8ADA-9DB6D3C11620}.Release|iPhone.Build.0 = Release|Any CPU
		{F05A9144-354C-413D-8ADA-9DB6D3C11620}.Release|iPhone.Deploy.0 = Release|Any CPU
		{F05A9144-354C-413D-8ADA-9DB6D3C11620}.Release|iPhoneSimulator.ActiveCfg = Release|Any CPU
		{F05A9144-354C-413D-8ADA-9DB6D3C11620}.Release|iPhoneSimulator.Build.0 = Release|Any CPU
		{F05A9144-354C-413D-8ADA-9DB6D3C11620}.Release|iPhoneSimulator.Deploy.0 = Release|Any CPU
		{F05A9144-354C-413D-8ADA-9DB6D3C11620}.Release|x64.ActiveCfg = Release|Any CPU
		{F05A9144-354C-413D-8ADA-9DB6D3C11620}.Release|x64.Build.0 = Release|Any CPU
		{F05A9144-354C-413D-8ADA-9DB6D3C11620}.Release|x64.Deploy.0 = Release|Any CPU
		{F05A9144-354C-413D-8ADA-9DB6D3C11620}.Release|x86.ActiveCfg = Release|Any CPU
		{F05A9144-354C-413D-8ADA-9DB6D3C11620}.Release|x86.Build.0 = Release|Any CPU
		{F05A9144-354C-413D-8ADA-9DB6D3C11620}.Release|x86.Deploy.0 = Release|Any CPU
	EndGlobalSection
	GlobalSection(SolutionProperties) = preSolution
		HideSolutionNode = FALSE
	EndGlobalSection
	GlobalSection(ExtensibilityGlobals) = postSolution
		SolutionGuid = {B21BC751-4632-4BDB-A067-A3FF99EB51B9}
	EndGlobalSection
EndGlobal
